
Microsoft Visual Studio Solution File, Format Version 12.00
# Visual Studio Version 17
VisualStudioVersion = 17.7.34202.233
MinimumVisualStudioVersion = 10.0.40219.1
Project("{FAE04EC0-301F-11D3-BF4B-00C04F79EFBC}") = "WpfApp4", "WpfApp4\WpfApp4.csproj", "{6FC3B3EB-1E72-463E-8993-F239851D016B}"
EndProject
Global
	GlobalSection(SolutionConfigurationPlatforms) = preSolution
		Debug|Any CPU = Debug|Any CPU
		Release|Any CPU = Release|Any CPU
	EndGlobalSection
	GlobalSection(ProjectConfigurationPlatforms) = postSolution
		{6FC3B3EB-1E72-463E-8993-F239851D016B}.Debug|Any CPU.ActiveCfg = Debug|Any CPU
		{6FC3B3EB-1E72-463E-8993-F239851D016B}.Debug|Any CPU.Build.0 = Debug|Any CPU
		{6FC3B3EB-1E72-463E-8993-F239851D016B}.Release|Any CPU.ActiveCfg = Release|Any CPU
		{6FC3B3EB-1E72-463E-8993-F239851D016B}.Release|Any CPU.Build.0 = Release|Any CPU
	EndGlobalSection
	GlobalSection(SolutionProperties) = preSolution
		HideSolutionNode = FALSE
	EndGlobalSection
	GlobalSection(ExtensibilityGlobals) = postSolution
		SolutionGuid = {61BE2CF5-5609-46F6-94AF-367715B156BD}
	EndGlobalSection
EndGlobal
